
Microsoft Visual Studio Solution File, Format Version 12.00
# Visual Studio 15
VisualStudioVersion = 15.0.27130.0
MinimumVisualStudioVersion = 10.0.40219.1
Project("{FAE04EC0-301F-11D3-BF4B-00C04F79EFBC}") = "IbanValidatorConsoleApp", "IbanValidatorConsoleApp\IbanValidatorConsoleApp.csproj", "{A8E130B6-1FFE-44CD-8DFF-832271612450}"
EndProject
Project("{FAE04EC0-301F-11D3-BF4B-00C04F79EFBC}") = "IbanValidatorConsoleApp.Tests", "IbanValidatorConsoleApp.Tests\IbanValidatorConsoleApp.Tests.csproj", "{F30DF5A3-AB69-49B9-AF3C-A3A6A238427E}"
EndProject
Global
	GlobalSection(SolutionConfigurationPlatforms) = preSolution
		Debug|Any CPU = Debug|Any CPU
		Release|Any CPU = Release|Any CPU
	EndGlobalSection
	GlobalSection(ProjectConfigurationPlatforms) = postSolution
		{A8E130B6-1FFE-44CD-8DFF-832271612450}.Debug|Any CPU.ActiveCfg = Debug|Any CPU
		{A8E130B6-1FFE-44CD-8DFF-832271612450}.Debug|Any CPU.Build.0 = Debug|Any CPU
		{A8E130B6-1FFE-44CD-8DFF-832271612450}.Release|Any CPU.ActiveCfg = Release|Any CPU
		{A8E130B6-1FFE-44CD-8DFF-832271612450}.Release|Any CPU.Build.0 = Release|Any CPU
		{F30DF5A3-AB69-49B9-AF3C-A3A6A238427E}.Debug|Any CPU.ActiveCfg = Debug|Any CPU
		{F30DF5A3-AB69-49B9-AF3C-A3A6A238427E}.Debug|Any CPU.Build.0 = Debug|Any CPU
		{F30DF5A3-AB69-49B9-AF3C-A3A6A238427E}.Release|Any CPU.ActiveCfg = Release|Any CPU
		{F30DF5A3-AB69-49B9-AF3C-A3A6A238427E}.Release|Any CPU.Build.0 = Release|Any CPU
	EndGlobalSection
	GlobalSection(SolutionProperties) = preSolution
		HideSolutionNode = FALSE
	EndGlobalSection
	GlobalSection(ExtensibilityGlobals) = postSolution
		SolutionGuid = {83BF0E50-43F0-4EC7-ADDA-57544C94DB8B}
	EndGlobalSection
EndGlobal
